
Microsoft Visual Studio Solution File, Format Version 12.00
Project("{FAE04EC0-301F-11D3-BF4B-00C04F79EFBC}") = "Ecommerce.Domain", "Ecommerce.Domain\Ecommerce.Domain.csproj", "{030F6F59-5743-4A83-9CE2-E7CE0B2D2B21}"
EndProject
Project("{FAE04EC0-301F-11D3-BF4B-00C04F79EFBC}") = "Ecommerce.Persistence", "Ecommerce.Persistence\Ecommerce.Persistence.csproj", "{64166A0B-5F06-4B66-8CA5-4A028AFD642A}"
EndProject
Project("{FAE04EC0-301F-11D3-BF4B-00C04F79EFBC}") = "Ecommerce.Application", "Ecommerce.Application\Ecommerce.Application.csproj", "{5E418033-B9D1-4DD3-A1FE-B0FE93CE2EF1}"
EndProject
Project("{FAE04EC0-301F-11D3-BF4B-00C04F79EFBC}") = "Ecommerce.API", "Ecommerce.API\Ecommerce.API.csproj", "{DDAD8185-EF86-411C-8B0A-1E5B150BA486}"
EndProject
Project("{FAE04EC0-301F-11D3-BF4B-00C04F79EFBC}") = "Ecommerce.Infrastructure", "Ecommerce.Infrastructure\Ecommerce.Infrastructure.csproj", "{D2572A7D-0CBF-4427-9BCC-D4583A5E4C6A}"
EndProject
Global
	GlobalSection(SolutionConfigurationPlatforms) = preSolution
		Debug|Any CPU = Debug|Any CPU
		Release|Any CPU = Release|Any CPU
	EndGlobalSection
	GlobalSection(ProjectConfigurationPlatforms) = postSolution
		{030F6F59-5743-4A83-9CE2-E7CE0B2D2B21}.Debug|Any CPU.ActiveCfg = Debug|Any CPU
		{030F6F59-5743-4A83-9CE2-E7CE0B2D2B21}.Debug|Any CPU.Build.0 = Debug|Any CPU
		{030F6F59-5743-4A83-9CE2-E7CE0B2D2B21}.Release|Any CPU.ActiveCfg = Release|Any CPU
		{030F6F59-5743-4A83-9CE2-E7CE0B2D2B21}.Release|Any CPU.Build.0 = Release|Any CPU
		{64166A0B-5F06-4B66-8CA5-4A028AFD642A}.Debug|Any CPU.ActiveCfg = Debug|Any CPU
		{64166A0B-5F06-4B66-8CA5-4A028AFD642A}.Debug|Any CPU.Build.0 = Debug|Any CPU
		{64166A0B-5F06-4B66-8CA5-4A028AFD642A}.Release|Any CPU.ActiveCfg = Release|Any CPU
		{64166A0B-5F06-4B66-8CA5-4A028AFD642A}.Release|Any CPU.Build.0 = Release|Any CPU
		{5E418033-B9D1-4DD3-A1FE-B0FE93CE2EF1}.Debug|Any CPU.ActiveCfg = Debug|Any CPU
		{5E418033-B9D1-4DD3-A1FE-B0FE93CE2EF1}.Debug|Any CPU.Build.0 = Debug|Any CPU
		{5E418033-B9D1-4DD3-A1FE-B0FE93CE2EF1}.Release|Any CPU.ActiveCfg = Release|Any CPU
		{5E418033-B9D1-4DD3-A1FE-B0FE93CE2EF1}.Release|Any CPU.Build.0 = Release|Any CPU
		{DDAD8185-EF86-411C-8B0A-1E5B150BA486}.Debug|Any CPU.ActiveCfg = Debug|Any CPU
		{DDAD8185-EF86-411C-8B0A-1E5B150BA486}.Debug|Any CPU.Build.0 = Debug|Any CPU
		{DDAD8185-EF86-411C-8B0A-1E5B150BA486}.Release|Any CPU.ActiveCfg = Release|Any CPU
		{DDAD8185-EF86-411C-8B0A-1E5B150BA486}.Release|Any CPU.Build.0 = Release|Any CPU
		{D2572A7D-0CBF-4427-9BCC-D4583A5E4C6A}.Debug|Any CPU.ActiveCfg = Debug|Any CPU
		{D2572A7D-0CBF-4427-9BCC-D4583A5E4C6A}.Debug|Any CPU.Build.0 = Debug|Any CPU
		{D2572A7D-0CBF-4427-9BCC-D4583A5E4C6A}.Release|Any CPU.ActiveCfg = Release|Any CPU
		{D2572A7D-0CBF-4427-9BCC-D4583A5E4C6A}.Release|Any CPU.Build.0 = Release|Any CPU
	EndGlobalSection
EndGlobal
